
Microsoft Visual Studio Solution File, Format Version 11.00
# Visual Studio 2010
Project("{8BC9CEB8-8B4A-11D0-8D11-00A0C91BC942}") = "img_pkg", "img_pkg.vcxproj", "{C489A96C-E365-4C7E-9B4E-B5881A1A6EAA}"
EndProject
Global
	GlobalSection(SolutionConfigurationPlatforms) = preSolution
		Debug|Win32 = Debug|Win32
		Release|Win32 = Release|Win32
	EndGlobalSection
	GlobalSection(ProjectConfigurationPlatforms) = postSolution
		{C489A96C-E365-4C7E-9B4E-B5881A1A6EAA}.Debug|Win32.ActiveCfg = Debug|Win32
		{C489A96C-E365-4C7E-9B4E-B5881A1A6EAA}.Debug|Win32.Build.0 = Debug|Win32
		{C489A96C-E365-4C7E-9B4E-B5881A1A6EAA}.Release|Win32.ActiveCfg = Release|Win32
		{C489A96C-E365-4C7E-9B4E-B5881A1A6EAA}.Release|Win32.Build.0 = Release|Win32
	EndGlobalSection
	GlobalSection(SolutionProperties) = preSolution
		HideSolutionNode = FALSE
	EndGlobalSection
EndGlobal
